{
  "name": "weave",
  "version": "0.1.11",
  "lockfileVersion": 1,
  "requires": true,
  "dependencies": {
    "github-flavored-markdown": {
      "version": "1.0.1",
      "resolved": "https://registry.npmjs.org/github-flavored-markdown/-/github-flavored-markdown-1.0.1.tgz",
      "integrity": "sha1-kzYbh6McJXkNnIGht5ghSnN+qzg="
    }
  }
}
